// !$*UTF8*$!
{
	archiveVersion = 1;
	classes = {
	};
	objectVersion = 48;
	objects = {

/* Begin PBXBuildFile section */
		0AEBB162204376FB008067A6 /* AppDelegate.swift in Sources */ = {isa = PBXBuildFile; fileRef = 0AEBB161204376FB008067A6 /* AppDelegate.swift */; };
		0AEBB167204376FB008067A6 /* Main.storyboard in Resources */ = {isa = PBXBuildFile; fileRef = 0AEBB165204376FB008067A6 /* Main.storyboard */; };
		0AEBB169204376FB008067A6 /* Assets.xcassets in Resources */ = {isa = PBXBuildFile; fileRef = 0AEBB168204376FB008067A6 /* Assets.xcassets */; };
		0AEBB16C204376FB008067A6 /* LaunchScreen.storyboard in Resources */ = {isa = PBXBuildFile; fileRef = 0AEBB16A204376FB008067A6 /* LaunchScreen.storyboard */; };
		0AEBB177204376FB008067A6 /* Photo_PhabulousTests.swift in Sources */ = {isa = PBXBuildFile; fileRef = 0AEBB176204376FB008067A6 /* Photo_PhabulousTests.swift */; };
		0AEBB18220437C57008067A6 /* AppFileManager.swift in Sources */ = {isa = PBXBuildFile; fileRef = 0AEBB18120437C57008067A6 /* AppFileManager.swift */; };
		0AEBB18420437CA9008067A6 /* SharedNetworking.swift in Sources */ = {isa = PBXBuildFile; fileRef = 0AEBB18320437CA9008067A6 /* SharedNetworking.swift */; };
		0AEBB18620437CEB008067A6 /* CollectionViewController.swift in Sources */ = {isa = PBXBuildFile; fileRef = 0AEBB18520437CEB008067A6 /* CollectionViewController.swift */; };
		0AEBB18820437EEC008067A6 /* CollectionViewCell.swift in Sources */ = {isa = PBXBuildFile; fileRef = 0AEBB18720437EEC008067A6 /* CollectionViewCell.swift */; };
		0AEBB18A2043837A008067A6 /* ImageDetailViewController.swift in Sources */ = {isa = PBXBuildFile; fileRef = 0AEBB1892043837A008067A6 /* ImageDetailViewController.swift */; };
/* End PBXBuildFile section */

/* Begin PBXContainerItemProxy section */
		0AEBB173204376FB008067A6 /* PBXContainerItemProxy */ = {
			isa = PBXContainerItemProxy;
			containerPortal = 0AEBB156204376FB008067A6 /* Project object */;
			proxyType = 1;
			remoteGlobalIDString = 0AEBB15D204376FB008067A6;
			remoteInfo = "Photo Phabulous";
		};
/* End PBXContainerItemProxy section */

/* Begin PBXFileReference section */
		0AEBB15E204376FB008067A6 /* Photo Phabulous.app */ = {isa = PBXFileReference; explicitFileType = wrapper.application; includeInIndex = 0; path = "Photo Phabulous.app"; sourceTree = BUILT_PRODUCTS_DIR; };
		0AEBB161204376FB008067A6 /* AppDelegate.swift */ = {isa = PBXFileReference; lastKnownFileType = sourcecode.swift; path = AppDelegate.swift; sourceTree = "<group>"; };
		0AEBB166204376FB008067A6 /* Base */ = {isa = PBXFileReference; lastKnownFileType = file.storyboard; name = Base; path = Base.lproj/Main.storyboard; sourceTree = "<group>"; };
		0AEBB168204376FB008067A6 /* Assets.xcassets */ = {isa = PBXFileReference; lastKnownFileType = folder.assetcatalog; path = Assets.xcassets; sourceTree = "<group>"; };
		0AEBB16B204376FB008067A6 /* Base */ = {isa = PBXFileReference; lastKnownFileType = file.storyboard; name = Base; path = Base.lproj/LaunchScreen.storyboard; sourceTree = "<group>"; };
		0AEBB16D204376FB008067A6 /* Info.plist */ = {isa = PBXFileReference; lastKnownFileType = text.plist.xml; path = Info.plist; sourceTree = "<group>"; };
		0AEBB172204376FB008067A6 /* Photo PhabulousTests.xctest */ = {isa = PBXFileReference; explicitFileType = wrapper.cfbundle; includeInIndex = 0; path = "Photo PhabulousTests.xctest"; sourceTree = BUILT_PRODUCTS_DIR; };
		0AEBB176204376FB008067A6 /* Photo_PhabulousTests.swift */ = {isa = PBXFileReference; lastKnownFileType = sourcecode.swift; path = Photo_PhabulousTests.swift; sourceTree = "<group>"; };
		0AEBB178204376FB008067A6 /* Info.plist */ = {isa = PBXFileReference; lastKnownFileType = text.plist.xml; path = Info.plist; sourceTree = "<group>"; };
		0AEBB18120437C57008067A6 /* AppFileManager.swift */ = {isa = PBXFileReference; lastKnownFileType = sourcecode.swift; path = AppFileManager.swift; sourceTree = "<group>"; };
		0AEBB18320437CA9008067A6 /* SharedNetworking.swift */ = {isa = PBXFileReference; lastKnownFileType = sourcecode.swift; path = SharedNetworking.swift; sourceTree = "<group>"; };
		0AEBB18520437CEB008067A6 /* CollectionViewController.swift */ = {isa = PBXFileReference; lastKnownFileType = sourcecode.swift; path = CollectionViewController.swift; sourceTree = "<group>"; };
		0AEBB18720437EEC008067A6 /* CollectionViewCell.swift */ = {isa = PBXFileReference; lastKnownFileType = sourcecode.swift; path = CollectionViewCell.swift; sourceTree = "<group>"; };
		0AEBB1892043837A008067A6 /* ImageDetailViewController.swift */ = {isa = PBXFileReference; lastKnownFileType = sourcecode.swift; path = ImageDetailViewController.swift; sourceTree = "<group>"; };
/* End PBXFileReference section */

/* Begin PBXFrameworksBuildPhase section */
		0AEBB15B204376FB008067A6 /* Frameworks */ = {
			isa = PBXFrameworksBuildPhase;
			buildActionMask = 2147483647;
			files = (
			);
			runOnlyForDeploymentPostprocessing = 0;
		};
		0AEBB16F204376FB008067A6 /* Frameworks */ = {
			isa = PBXFrameworksBuildPhase;
			buildActionMask = 2147483647;
			files = (
			);
			runOnlyForDeploymentPostprocessing = 0;
		};
/* End PBXFrameworksBuildPhase section */

/* Begin PBXGroup section */
		0AEBB155204376FB008067A6 = {
			isa = PBXGroup;
			children = (
				0AEBB160204376FB008067A6 /* Photo Phabulous */,
				0AEBB175204376FB008067A6 /* Photo PhabulousTests */,
				0AEBB15F204376FB008067A6 /* Products */,
			);
			sourceTree = "<group>";
		};
		0AEBB15F204376FB008067A6 /* Products */ = {
			isa = PBXGroup;
			children = (
				0AEBB15E204376FB008067A6 /* Photo Phabulous.app */,
				0AEBB172204376FB008067A6 /* Photo PhabulousTests.xctest */,
			);
			name = Products;
			sourceTree = "<group>";
		};
		0AEBB160204376FB008067A6 /* Photo Phabulous */ = {
			isa = PBXGroup;
			children = (
				0AEBB161204376FB008067A6 /* AppDelegate.swift */,
				0AEBB165204376FB008067A6 /* Main.storyboard */,
				0AEBB168204376FB008067A6 /* Assets.xcassets */,
				0AEBB16A204376FB008067A6 /* LaunchScreen.storyboard */,
				0AEBB16D204376FB008067A6 /* Info.plist */,
				0AEBB18120437C57008067A6 /* AppFileManager.swift */,
				0AEBB18320437CA9008067A6 /* SharedNetworking.swift */,
				0AEBB18520437CEB008067A6 /* CollectionViewController.swift */,
				0AEBB18720437EEC008067A6 /* CollectionViewCell.swift */,
				0AEBB1892043837A008067A6 /* ImageDetailViewController.swift */,
			);
			path = "Photo Phabulous";
			sourceTree = "<group>";
		};
		0AEBB175204376FB008067A6 /* Photo PhabulousTests */ = {
			isa = PBXGroup;
			children = (
				0AEBB176204376FB008067A6 /* Photo_PhabulousTests.swift */,
				0AEBB178204376FB008067A6 /* Info.plist */,
			);
			path = "Photo PhabulousTests";
			sourceTree = "<group>";
		};
/* End PBXGroup section */

/* Begin PBXNativeTarget section */
		0AEBB15D204376FB008067A6 /* Photo Phabulous */ = {
			isa = PBXNativeTarget;
			buildConfigurationList = 0AEBB17B204376FB008067A6 /* Build configuration list for PBXNativeTarget "Photo Phabulous" */;
			buildPhases = (
				0AEBB15A204376FB008067A6 /* Sources */,
				0AEBB15B204376FB008067A6 /* Frameworks */,
				0AEBB15C204376FB008067A6 /* Resources */,
			);
			buildRules = (
			);
			dependencies = (
			);
			name = "Photo Phabulous";
			productName = "Photo Phabulous";
			productReference = 0AEBB15E204376FB008067A6 /* Photo Phabulous.app */;
			productType = "com.apple.product-type.application";
		};
		0AEBB171204376FB008067A6 /* Photo PhabulousTests */ = {
			isa = PBXNativeTarget;
			buildConfigurationList = 0AEBB17E204376FB008067A6 /* Build configuration list for PBXNativeTarget "Photo PhabulousTests" */;
			buildPhases = (
				0AEBB16E204376FB008067A6 /* Sources */,
				0AEBB16F204376FB008067A6 /* Frameworks */,
				0AEBB170204376FB008067A6 /* Resources */,
			);
			buildRules = (
			);
			dependencies = (
				0AEBB174204376FB008067A6 /* PBXTargetDependency */,
			);
			name = "Photo PhabulousTests";
			productName = "Photo PhabulousTests";
			productReference = 0AEBB172204376FB008067A6 /* Photo PhabulousTests.xctest */;
			productType = "com.apple.product-type.bundle.unit-test";
		};
/* End PBXNativeTarget section */

/* Begin PBXProject section */
		0AEBB156204376FB008067A6 /* Project object */ = {
			isa = PBXProject;
			attributes = {
				LastSwiftUpdateCheck = 0920;
				LastUpgradeCheck = 0920;
				ORGANIZATIONNAME = stanleypark;
				TargetAttributes = {
					0AEBB15D204376FB008067A6 = {
						CreatedOnToolsVersion = 9.2;
						ProvisioningStyle = Automatic;
					};
					0AEBB171204376FB008067A6 = {
						CreatedOnToolsVersion = 9.2;
						ProvisioningStyle = Automatic;
						TestTargetID = 0AEBB15D204376FB008067A6;
					};
				};
			};
			buildConfigurationList = 0AEBB159204376FB008067A6 /* Build configuration list for PBXProject "Photo Phabulous" */;
			compatibilityVersion = "Xcode 8.0";
			developmentRegion = en;
			hasScannedForEncodings = 0;
			knownRegions = (
				en,
				Base,
			);
			mainGroup = 0AEBB155204376FB008067A6;
			productRefGroup = 0AEBB15F204376FB008067A6 /* Products */;
			projectDirPath = "";
			projectRoot = "";
			targets = (
				0AEBB15D204376FB008067A6 /* Photo Phabulous */,
				0AEBB171204376FB008067A6 /* Photo PhabulousTests */,
			);
		};
/* End PBXProject section */

/* Begin PBXResourcesBuildPhase section */
		0AEBB15C204376FB008067A6 /* Resources */ = {
			isa = PBXResourcesBuildPhase;
			buildActionMask = 2147483647;
			files = (
				0AEBB16C204376FB008067A6 /* LaunchScreen.storyboard in Resources */,
				0AEBB169204376FB008067A6 /* Assets.xcassets in Resources */,
				0AEBB167204376FB008067A6 /* Main.storyboard in Resources */,
			);
			runOnlyForDeploymentPostprocessing = 0;
		};
		0AEBB170204376FB008067A6 /* Resources */ = {
			isa = PBXResourcesBuildPhase;
			buildActionMask = 2147483647;
			files = (
			);
			runOnlyForDeploymentPostprocessing = 0;
		};
/* End PBXResourcesBuildPhase section */

/* Begin PBXSourcesBuildPhase section */
		0AEBB15A204376FB008067A6 /* Sources */ = {
			isa = PBXSourcesBuildPhase;
			buildActionMask = 2147483647;
			files = (
				0AEBB18420437CA9008067A6 /* SharedNetworking.swift in Sources */,
				0AEBB18A2043837A008067A6 /* ImageDetailViewController.swift in Sources */,
				0AEBB18820437EEC008067A6 /* CollectionViewCell.swift in Sources */,
				0AEBB18220437C57008067A6 /* AppFileManager.swift in Sources */,
				0AEBB162204376FB008067A6 /* AppDelegate.swift in Sources */,
				0AEBB18620437CEB008067A6 /* CollectionViewController.swift in Sources */,
			);
			runOnlyForDeploymentPostprocessing = 0;
		};
		0AEBB16E204376FB008067A6 /* Sources */ = {
			isa = PBXSourcesBuildPhase;
			buildActionMask = 2147483647;
			files = (
				0AEBB177204376FB008067A6 /* Photo_PhabulousTests.swift in Sources */,
			);
			runOnlyForDeploymentPostprocessing = 0;
		};
/* End PBXSourcesBuildPhase section */

/* Begin PBXTargetDependency section */
		0AEBB174204376FB008067A6 /* PBXTargetDependency */ = {
			isa = PBXTargetDependency;
			target = 0AEBB15D204376FB008067A6 /* Photo Phabulous */;
			targetProxy = 0AEBB173204376FB008067A6 /* PBXContainerItemProxy */;
		};
/* End PBXTargetDependency section */

/* Begin PBXVariantGroup section */
		0AEBB165204376FB008067A6 /* Main.storyboard */ = {
			isa = PBXVariantGroup;
			children = (
				0AEBB166204376FB008067A6 /* Base */,
			);
			name = Main.storyboard;
			sourceTree = "<group>";
		};
		0AEBB16A204376FB008067A6 /* LaunchScreen.storyboard */ = {
			isa = PBXVariantGroup;
			children = (
				0AEBB16B204376FB008067A6 /* Base */,
			);
			name = LaunchScreen.storyboard;
			sourceTree = "<group>";
		};
/* End PBXVariantGroup section */

/* Begin XCBuildConfiguration section */
		0AEBB179204376FB008067A6 /* Debug */ = {
			isa = XCBuildConfiguration;
			buildSettings = {
				ALWAYS_SEARCH_USER_PATHS = NO;
				CLANG_ANALYZER_NONNULL = YES;
				CLANG_ANALYZER_NUMBER_OBJECT_CONVERSION = YES_AGGRESSIVE;
				CLANG_CXX_LANGUAGE_STANDARD = "gnu++14";
				CLANG_CXX_LIBRARY = "libc++";
				CLANG_ENABLE_MODULES = YES;
				CLANG_ENABLE_OBJC_ARC = YES;
				CLANG_WARN_BLOCK_CAPTURE_AUTORELEASING = YES;
				CLANG_WARN_BOOL_CONVERSION = YES;
				CLANG_WARN_COMMA = YES;
				CLANG_WARN_CONSTANT_CONVERSION = YES;
				CLANG_WARN_DIRECT_OBJC_ISA_USAGE = YES_ERROR;
				CLANG_WARN_DOCUMENTATION_COMMENTS = YES;
				CLANG_WARN_EMPTY_BODY = YES;
				CLANG_WARN_ENUM_CONVERSION = YES;
				CLANG_WARN_INFINITE_RECURSION = YES;
				CLANG_WARN_INT_CONVERSION = YES;
				CLANG_WARN_NON_LITERAL_NULL_CONVERSION = YES;
				CLANG_WARN_OBJC_LITERAL_CONVERSION = YES;
				CLANG_WARN_OBJC_ROOT_CLASS = YES_ERROR;
				CLANG_WARN_RANGE_LOOP_ANALYSIS = YES;
				CLANG_WARN_STRICT_PROTOTYPES = YES;
				CLANG_WARN_SUSPICIOUS_MOVE = YES;
				CLANG_WARN_UNGUARDED_AVAILABILITY = YES_AGGRESSIVE;
				CLANG_WARN_UNREACHABLE_CODE = YES;
				CLANG_WARN__DUPLICATE_METHOD_MATCH = YES;
				CODE_SIGN_IDENTITY = "iPhone Developer";
				COPY_PHASE_STRIP = NO;
				DEBUG_INFORMATION_FORMAT = dwarf;
				ENABLE_STRICT_OBJC_MSGSEND = YES;
				ENABLE_TESTABILITY = YES;
				GCC_C_LANGUAGE_STANDARD = gnu11;
				GCC_DYNAMIC_NO_PIC = NO;
				GCC_NO_COMMON_BLOCKS = YES;
				GCC_OPTIMIZATION_LEVEL = 0;
				GCC_PREPROCESSOR_DEFINITIONS = (
					"DEBUG=1",
					"$(inherited)",
				);
				GCC_WARN_64_TO_32_BIT_CONVERSION = YES;
				GCC_WARN_ABOUT_RETURN_TYPE = YES_ERROR;
				GCC_WARN_UNDECLARED_SELECTOR = YES;
				GCC_WARN_UNINITIALIZED_AUTOS = YES_AGGRESSIVE;
				GCC_WARN_UNUSED_FUNCTION = YES;
				GCC_WARN_UNUSED_VARIABLE = YES;
				IPHONEOS_DEPLOYMENT_TARGET = 11.2;
				MTL_ENABLE_DEBUG_INFO = YES;
				ONLY_ACTIVE_ARCH = YES;
				SDKROOT = iphoneos;
				SWIFT_ACTIVE_COMPILATION_CONDITIONS = DEBUG;
				SWIFT_OPTIMIZATION_LEVEL = "-Onone";
			};
			name = Debug;
		};
		0AEBB17A204376FB008067A6 /* Release */ = {
			isa = XCBuildConfiguration;
			buildSettings = {
				ALWAYS_SEARCH_USER_PATHS = NO;
				CLANG_ANALYZER_NONNULL = YES;
				CLANG_ANALYZER_NUMBER_OBJECT_CONVERSION = YES_AGGRESSIVE;
				CLANG_CXX_LANGUAGE_STANDARD = "gnu++14";
				CLANG_CXX_LIBRARY = "libc++";
				CLANG_ENABLE_MODULES = YES;
				CLANG_ENABLE_OBJC_ARC = YES;
				CLANG_WARN_BLOCK_CAPTURE_AUTORELEASING = YES;
				CLANG_WARN_BOOL_CONVERSION = YES;
				CLANG_WARN_COMMA = YES;
				CLANG_WARN_CONSTANT_CONVERSION = YES;
				CLANG_WARN_DIRECT_OBJC_ISA_USAGE = YES_ERROR;
				CLANG_WARN_DOCUMENTATION_COMMENTS = YES;
				CLANG_WARN_EMPTY_BODY = YES;
				CLANG_WARN_ENUM_CONVERSION = YES;
				CLANG_WARN_INFINITE_RECURSION = YES;
				CLANG_WARN_INT_CONVERSION = YES;
				CLANG_WARN_NON_LITERAL_NULL_CONVERSION = YES;
				CLANG_WARN_OBJC_LITERAL_CONVERSION = YES;
				CLANG_WARN_OBJC_ROOT_CLASS = YES_ERROR;
				CLANG_WARN_RANGE_LOOP_ANALYSIS = YES;
				CLANG_WARN_STRICT_PROTOTYPES = YES;
				CLANG_WARN_SUSPICIOUS_MOVE = YES;
				CLANG_WARN_UNGUARDED_AVAILABILITY = YES_AGGRESSIVE;
				CLANG_WARN_UNREACHABLE_CODE = YES;
				CLANG_WARN__DUPLICATE_METHOD_MATCH = YES;
				CODE_SIGN_IDENTITY = "iPhone Developer";
				COPY_PHASE_STRIP = NO;
				DEBUG_INFORMATION_FORMAT = "dwarf-with-dsym";
				ENABLE_NS_ASSERTIONS = NO;
				ENABLE_STRICT_OBJC_MSGSEND = YES;
				GCC_C_LANGUAGE_STANDARD = gnu11;
				GCC_NO_COMMON_BLOCKS = YES;
				GCC_WARN_64_TO_32_BIT_CONVERSION = YES;
				GCC_WARN_ABOUT_RETURN_TYPE = YES_ERROR;
				GCC_WARN_UNDECLARED_SELECTOR = YES;
				GCC_WARN_UNINITIALIZED_AUTOS = YES_AGGRESSIVE;
				GCC_WARN_UNUSED_FUNCTION = YES;
				GCC_WARN_UNUSED_VARIABLE = YES;
				IPHONEOS_DEPLOYMENT_TARGET = 11.2;
				MTL_ENABLE_DEBUG_INFO = NO;
				SDKROOT = iphoneos;
				SWIFT_OPTIMIZATION_LEVEL = "-Owholemodule";
				VALIDATE_PRODUCT = YES;
			};
			name = Release;
		};
		0AEBB17C204376FB008067A6 /* Debug */ = {
			isa = XCBuildConfiguration;
			buildSettings = {
				ASSETCATALOG_COMPILER_APPICON_NAME = AppIcon;
				CODE_SIGN_STYLE = Automatic;
				DEVELOPMENT_TEAM = 7TC68SRVQT;
				INFOPLIST_FILE = "Photo Phabulous/Info.plist";
				LD_RUNPATH_SEARCH_PATHS = "$(inherited) @executable_path/Frameworks";
				PRODUCT_BUNDLE_IDENTIFIER = "hyoungsun.Photo-Phabulous";
				PRODUCT_NAME = "$(TARGET_NAME)";
				SWIFT_VERSION = 4.0;
				TARGETED_DEVICE_FAMILY = "1,2";
			};
			name = Debug;
		};
		0AEBB17D204376FB008067A6 /* Release */ = {
			isa = XCBuildConfiguration;
			buildSettings = {
				ASSETCATALOG_COMPILER_APPICON_NAME = AppIcon;
				CODE_SIGN_STYLE = Automatic;
				DEVELOPMENT_TEAM = 7TC68SRVQT;
				INFOPLIST_FILE = "Photo Phabulous/Info.plist";
				LD_RUNPATH_SEARCH_PATHS = "$(inherited) @executable_path/Frameworks";
				PRODUCT_BUNDLE_IDENTIFIER = "hyoungsun.Photo-Phabulous";
				PRODUCT_NAME = "$(TARGET_NAME)";
				SWIFT_VERSION = 4.0;
				TARGETED_DEVICE_FAMILY = "1,2";
			};
			name = Release;
		};
		0AEBB17F204376FB008067A6 /* Debug */ = {
			isa = XCBuildConfiguration;
			buildSettings = {
				ALWAYS_EMBED_SWIFT_STANDARD_LIBRARIES = YES;
				BUNDLE_LOADER = "$(TEST_HOST)";
				CODE_SIGN_STYLE = Automatic;
				DEVELOPMENT_TEAM = 7TC68SRVQT;
				INFOPLIST_FILE = "Photo PhabulousTests/Info.plist";
				LD_RUNPATH_SEARCH_PATHS = "$(inherited) @executable_path/Frameworks @loader_path/Frameworks";
				PRODUCT_BUNDLE_IDENTIFIER = "hyoungsun.Photo-PhabulousTests";
				PRODUCT_NAME = "$(TARGET_NAME)";
				SWIFT_VERSION = 4.0;
				TARGETED_DEVICE_FAMILY = "1,2";
				TEST_HOST = "$(BUILT_PRODUCTS_DIR)/Photo Phabulous.app/Photo Phabulous";
			};
			name = Debug;
		};
		0AEBB180204376FB008067A6 /* Release */ = {
			isa = XCBuildConfiguration;
			buildSettings = {
				ALWAYS_EMBED_SWIFT_STANDARD_LIBRARIES = YES;
				BUNDLE_LOADER = "$(TEST_HOST)";
				CODE_SIGN_STYLE = Automatic;
				DEVELOPMENT_TEAM = 7TC68SRVQT;
				INFOPLIST_FILE = "Photo PhabulousTests/Info.plist";
				LD_RUNPATH_SEARCH_PATHS = "$(inherited) @executable_path/Frameworks @loader_path/Frameworks";
				PRODUCT_BUNDLE_IDENTIFIER = "hyoungsun.Photo-PhabulousTests";
				PRODUCT_NAME = "$(TARGET_NAME)";
				SWIFT_VERSION = 4.0;
				TARGETED_DEVICE_FAMILY = "1,2";
				TEST_HOST = "$(BUILT_PRODUCTS_DIR)/Photo Phabulous.app/Photo Phabulous";
			};
			name = Release;
		};
/* End XCBuildConfiguration section */

/* Begin XCConfigurationList section */
		0AEBB159204376FB008067A6 /* Build configuration list for PBXProject "Photo Phabulous" */ = {
			isa = XCConfigurationList;
			buildConfigurations = (
				0AEBB179204376FB008067A6 /* Debug */,
				0AEBB17A204376FB008067A6 /* Release */,
			);
			defaultConfigurationIsVisible = 0;
			defaultConfigurationName = Release;
		};
		0AEBB17B204376FB008067A6 /* Build configuration list for PBXNativeTarget "Photo Phabulous" */ = {
			isa = XCConfigurationList;
			buildConfigurations = (
				0AEBB17C204376FB008067A6 /* Debug */,
				0AEBB17D204376FB008067A6 /* Release */,
			);
			defaultConfigurationIsVisible = 0;
			defaultConfigurationName = Release;
		};
		0AEBB17E204376FB008067A6 /* Build configuration list for PBXNativeTarget "Photo PhabulousTests" */ = {
			isa = XCConfigurationList;
			buildConfigurations = (
				0AEBB17F204376FB008067A6 /* Debug */,
				0AEBB180204376FB008067A6 /* Release */,
			);
			defaultConfigurationIsVisible = 0;
			defaultConfigurationName = Release;
		};
/* End XCConfigurationList section */
	};
	rootObject = 0AEBB156204376FB008067A6 /* Project object */;
}
